
Microsoft Visual Studio Solution File, Format Version 12.00
# Visual Studio Version 17
VisualStudioVersion = 17.3.32901.215
MinimumVisualStudioVersion = 10.0.40219.1
Project("{FAE04EC0-301F-11D3-BF4B-00C04F79EFBC}") = "DynamicMenu", "DynamicMenu\DynamicMenu.csproj", "{E2A189F7-ADF7-4D53-98D0-34DBC2D15041}"
EndProject
Global
	GlobalSection(SolutionConfigurationPlatforms) = preSolution
		Debug|Any CPU = Debug|Any CPU
		Release|Any CPU = Release|Any CPU
	EndGlobalSection
	GlobalSection(ProjectConfigurationPlatforms) = postSolution
		{E2A189F7-ADF7-4D53-98D0-34DBC2D15041}.Debug|Any CPU.ActiveCfg = Debug|Any CPU
		{E2A189F7-ADF7-4D53-98D0-34DBC2D15041}.Debug|Any CPU.Build.0 = Debug|Any CPU
		{E2A189F7-ADF7-4D53-98D0-34DBC2D15041}.Release|Any CPU.ActiveCfg = Release|Any CPU
		{E2A189F7-ADF7-4D53-98D0-34DBC2D15041}.Release|Any CPU.Build.0 = Release|Any CPU
	EndGlobalSection
	GlobalSection(SolutionProperties) = preSolution
		HideSolutionNode = FALSE
	EndGlobalSection
	GlobalSection(ExtensibilityGlobals) = postSolution
		SolutionGuid = {FC54D724-F731-46D0-A178-7CC34F4B3542}
	EndGlobalSection
EndGlobal
